
Microsoft Visual Studio Solution File, Format Version 12.00
# Visual Studio 2013
VisualStudioVersion = 12.0.31101.0
MinimumVisualStudioVersion = 10.0.40219.1
Project("{FAE04EC0-301F-11D3-BF4B-00C04F79EFBC}") = "GranularPad", "GranularPad\GranularPad.csproj", "{0E863462-AC4C-4B2E-ABE8-4FFD9BA6351A}"
EndProject
Project("{FAE04EC0-301F-11D3-BF4B-00C04F79EFBC}") = "GranularPad.Web", "GranularPad.Web\GranularPad.Web.csproj", "{1BED392F-9FA1-4531-BA58-D9E41507506D}"
EndProject
Global
	GlobalSection(SolutionConfigurationPlatforms) = preSolution
		Debug|Any CPU = Debug|Any CPU
		Release|Any CPU = Release|Any CPU
	EndGlobalSection
	GlobalSection(ProjectConfigurationPlatforms) = postSolution
		{0E863462-AC4C-4B2E-ABE8-4FFD9BA6351A}.Debug|Any CPU.ActiveCfg = Debug|Any CPU
		{0E863462-AC4C-4B2E-ABE8-4FFD9BA6351A}.Debug|Any CPU.Build.0 = Debug|Any CPU
		{0E863462-AC4C-4B2E-ABE8-4FFD9BA6351A}.Release|Any CPU.ActiveCfg = Release|Any CPU
		{0E863462-AC4C-4B2E-ABE8-4FFD9BA6351A}.Release|Any CPU.Build.0 = Release|Any CPU
		{1BED392F-9FA1-4531-BA58-D9E41507506D}.Debug|Any CPU.ActiveCfg = Debug|Any CPU
		{1BED392F-9FA1-4531-BA58-D9E41507506D}.Debug|Any CPU.Build.0 = Debug|Any CPU
		{1BED392F-9FA1-4531-BA58-D9E41507506D}.Release|Any CPU.ActiveCfg = Release|Any CPU
		{1BED392F-9FA1-4531-BA58-D9E41507506D}.Release|Any CPU.Build.0 = Release|Any CPU
	EndGlobalSection
	GlobalSection(SolutionProperties) = preSolution
		HideSolutionNode = FALSE
	EndGlobalSection
EndGlobal
